
Microsoft Visual Studio Solution File, Format Version 12.00
# Visual Studio Version 17
VisualStudioVersion = 17.0.31903.59
MinimumVisualStudioVersion = 10.0.40219.1
Project("{FAE04EC0-301F-11D3-BF4B-00C04F79EFBC}") = "FinancePlanner.Queries.Wage.Tests", "src\Queries\Wage\FinancePlanner.Queries.Wage.Tests\FinancePlanner.Queries.Wage.Tests.csproj", "{72162200-A210-4804-B68B-2407FFF4C725}"
EndProject
Project("{2150E333-8FDC-42A3-9474-1A3956D46DE8}") = "src", "src", "{827E0CD3-B72D-47B6-A68D-7590B98EB39B}"
EndProject
Project("{2150E333-8FDC-42A3-9474-1A3956D46DE8}") = "Queries", "Queries", "{A2985225-04B1-E9D8-08B0-BAA413BBDAE9}"
EndProject
Project("{2150E333-8FDC-42A3-9474-1A3956D46DE8}") = "Shared", "Shared", "{C8E42992-5E42-0C2B-DBFE-AA848D06431C}"
EndProject
Project("{FAE04EC0-301F-11D3-BF4B-00C04F79EFBC}") = "FinancePlanner.Common", "src\Shared\FinancePlanner.Common\FinancePlanner.Common.csproj", "{62F7933B-00E1-490D-923D-597C462E74D8}"
EndProject
Project("{FAE04EC0-301F-11D3-BF4B-00C04F79EFBC}") = "FinancePlanner.Main", "src\Shared\FinancePlanner.Main\FinancePlanner.Main.csproj", "{590F24B5-37B5-4CA3-9272-08A5F9F83442}"
EndProject
Project("{2150E333-8FDC-42A3-9474-1A3956D46DE8}") = "Wage", "Wage", "{E21131A9-272C-E2D3-BEB6-1A544885B88C}"
EndProject
Project("{FAE04EC0-301F-11D3-BF4B-00C04F79EFBC}") = "FinancePlanner.Queries.Wage.Application", "src\Queries\Wage\FinancePlanner.Queries.Wage.Application\FinancePlanner.Queries.Wage.Application.csproj", "{26138E68-EFB8-47EE-8079-86D23A07E7B0}"
EndProject
Project("{FAE04EC0-301F-11D3-BF4B-00C04F79EFBC}") = "FinancePlanner.Queries.Wage.Domain", "src\Queries\Wage\FinancePlanner.Queries.Wage.Domain\FinancePlanner.Queries.Wage.Domain.csproj", "{B1967147-DDD1-4289-A3F1-8D05162BD18D}"
EndProject
Project("{FAE04EC0-301F-11D3-BF4B-00C04F79EFBC}") = "FinancePlanner.Queries.Wage.API", "src\Queries\Wage\FinancePlanner.Queries.Wage.API\FinancePlanner.Queries.Wage.API.csproj", "{8E16FB02-2811-42A1-BBB8-C3FD9D00B7E1}"
EndProject
Global
	GlobalSection(SolutionConfigurationPlatforms) = preSolution
		Debug|Any CPU = Debug|Any CPU
		Debug|x64 = Debug|x64
		Debug|x86 = Debug|x86
		Release|Any CPU = Release|Any CPU
		Release|x64 = Release|x64
		Release|x86 = Release|x86
	EndGlobalSection
	GlobalSection(ProjectConfigurationPlatforms) = postSolution
		{72162200-A210-4804-B68B-2407FFF4C725}.Debug|Any CPU.ActiveCfg = Debug|Any CPU
		{72162200-A210-4804-B68B-2407FFF4C725}.Debug|Any CPU.Build.0 = Debug|Any CPU
		{72162200-A210-4804-B68B-2407FFF4C725}.Debug|x64.ActiveCfg = Debug|Any CPU
		{72162200-A210-4804-B68B-2407FFF4C725}.Debug|x64.Build.0 = Debug|Any CPU
		{72162200-A210-4804-B68B-2407FFF4C725}.Debug|x86.ActiveCfg = Debug|Any CPU
		{72162200-A210-4804-B68B-2407FFF4C725}.Debug|x86.Build.0 = Debug|Any CPU
		{72162200-A210-4804-B68B-2407FFF4C725}.Release|Any CPU.ActiveCfg = Release|Any CPU
		{72162200-A210-4804-B68B-2407FFF4C725}.Release|Any CPU.Build.0 = Release|Any CPU
		{72162200-A210-4804-B68B-2407FFF4C725}.Release|x64.ActiveCfg = Release|Any CPU
		{72162200-A210-4804-B68B-2407FFF4C725}.Release|x64.Build.0 = Release|Any CPU
		{72162200-A210-4804-B68B-2407FFF4C725}.Release|x86.ActiveCfg = Release|Any CPU
		{72162200-A210-4804-B68B-2407FFF4C725}.Release|x86.Build.0 = Release|Any CPU
		{62F7933B-00E1-490D-923D-597C462E74D8}.Debug|Any CPU.ActiveCfg = Debug|Any CPU
		{62F7933B-00E1-490D-923D-597C462E74D8}.Debug|Any CPU.Build.0 = Debug|Any CPU
		{62F7933B-00E1-490D-923D-597C462E74D8}.Debug|x64.ActiveCfg = Debug|Any CPU
		{62F7933B-00E1-490D-923D-597C462E74D8}.Debug|x64.Build.0 = Debug|Any CPU
		{62F7933B-00E1-490D-923D-597C462E74D8}.Debug|x86.ActiveCfg = Debug|Any CPU
		{62F7933B-00E1-490D-923D-597C462E74D8}.Debug|x86.Build.0 = Debug|Any CPU
		{62F7933B-00E1-490D-923D-597C462E74D8}.Release|Any CPU.ActiveCfg = Release|Any CPU
		{62F7933B-00E1-490D-923D-597C462E74D8}.Release|Any CPU.Build.0 = Release|Any CPU
		{62F7933B-00E1-490D-923D-597C462E74D8}.Release|x64.ActiveCfg = Release|Any CPU
		{62F7933B-00E1-490D-923D-597C462E74D8}.Release|x64.Build.0 = Release|Any CPU
		{62F7933B-00E1-490D-923D-597C462E74D8}.Release|x86.ActiveCfg = Release|Any CPU
		{62F7933B-00E1-490D-923D-597C462E74D8}.Release|x86.Build.0 = Release|Any CPU
		{590F24B5-37B5-4CA3-9272-08A5F9F83442}.Debug|Any CPU.ActiveCfg = Debug|Any CPU
		{590F24B5-37B5-4CA3-9272-08A5F9F83442}.Debug|Any CPU.Build.0 = Debug|Any CPU
		{590F24B5-37B5-4CA3-9272-08A5F9F83442}.Debug|x64.ActiveCfg = Debug|Any CPU
		{590F24B5-37B5-4CA3-9272-08A5F9F83442}.Debug|x64.Build.0 = Debug|Any CPU
		{590F24B5-37B5-4CA3-9272-08A5F9F83442}.Debug|x86.ActiveCfg = Debug|Any CPU
		{590F24B5-37B5-4CA3-9272-08A5F9F83442}.Debug|x86.Build.0 = Debug|Any CPU
		{590F24B5-37B5-4CA3-9272-08A5F9F83442}.Release|Any CPU.ActiveCfg = Release|Any CPU
		{590F24B5-37B5-4CA3-9272-08A5F9F83442}.Release|Any CPU.Build.0 = Release|Any CPU
		{590F24B5-37B5-4CA3-9272-08A5F9F83442}.Release|x64.ActiveCfg = Release|Any CPU
		{590F24B5-37B5-4CA3-9272-08A5F9F83442}.Release|x64.Build.0 = Release|Any CPU
		{590F24B5-37B5-4CA3-9272-08A5F9F83442}.Release|x86.ActiveCfg = Release|Any CPU
		{590F24B5-37B5-4CA3-9272-08A5F9F83442}.Release|x86.Build.0 = Release|Any CPU
		{26138E68-EFB8-47EE-8079-86D23A07E7B0}.Debug|Any CPU.ActiveCfg = Debug|Any CPU
		{26138E68-EFB8-47EE-8079-86D23A07E7B0}.Debug|Any CPU.Build.0 = Debug|Any CPU
		{26138E68-EFB8-47EE-8079-86D23A07E7B0}.Debug|x64.ActiveCfg = Debug|Any CPU
		{26138E68-EFB8-47EE-8079-86D23A07E7B0}.Debug|x64.Build.0 = Debug|Any CPU
		{26138E68-EFB8-47EE-8079-86D23A07E7B0}.Debug|x86.ActiveCfg = Debug|Any CPU
		{26138E68-EFB8-47EE-8079-86D23A07E7B0}.Debug|x86.Build.0 = Debug|Any CPU
		{26138E68-EFB8-47EE-8079-86D23A07E7B0}.Release|Any CPU.ActiveCfg = Release|Any CPU
		{26138E68-EFB8-47EE-8079-86D23A07E7B0}.Release|Any CPU.Build.0 = Release|Any CPU
		{26138E68-EFB8-47EE-8079-86D23A07E7B0}.Release|x64.ActiveCfg = Release|Any CPU
		{26138E68-EFB8-47EE-8079-86D23A07E7B0}.Release|x64.Build.0 = Release|Any CPU
		{26138E68-EFB8-47EE-8079-86D23A07E7B0}.Release|x86.ActiveCfg = Release|Any CPU
		{26138E68-EFB8-47EE-8079-86D23A07E7B0}.Release|x86.Build.0 = Release|Any CPU
		{B1967147-DDD1-4289-A3F1-8D05162BD18D}.Debug|Any CPU.ActiveCfg = Debug|Any CPU
		{B1967147-DDD1-4289-A3F1-8D05162BD18D}.Debug|Any CPU.Build.0 = Debug|Any CPU
		{B1967147-DDD1-4289-A3F1-8D05162BD18D}.Debug|x64.ActiveCfg = Debug|Any CPU
		{B1967147-DDD1-4289-A3F1-8D05162BD18D}.Debug|x64.Build.0 = Debug|Any CPU
		{B1967147-DDD1-4289-A3F1-8D05162BD18D}.Debug|x86.ActiveCfg = Debug|Any CPU
		{B1967147-DDD1-4289-A3F1-8D05162BD18D}.Debug|x86.Build.0 = Debug|Any CPU
		{B1967147-DDD1-4289-A3F1-8D05162BD18D}.Release|Any CPU.ActiveCfg = Release|Any CPU
		{B1967147-DDD1-4289-A3F1-8D05162BD18D}.Release|Any CPU.Build.0 = Release|Any CPU
		{B1967147-DDD1-4289-A3F1-8D05162BD18D}.Release|x64.ActiveCfg = Release|Any CPU
		{B1967147-DDD1-4289-A3F1-8D05162BD18D}.Release|x64.Build.0 = Release|Any CPU
		{B1967147-DDD1-4289-A3F1-8D05162BD18D}.Release|x86.ActiveCfg = Release|Any CPU
		{B1967147-DDD1-4289-A3F1-8D05162BD18D}.Release|x86.Build.0 = Release|Any CPU
		{8E16FB02-2811-42A1-BBB8-C3FD9D00B7E1}.Debug|Any CPU.ActiveCfg = Debug|Any CPU
		{8E16FB02-2811-42A1-BBB8-C3FD9D00B7E1}.Debug|Any CPU.Build.0 = Debug|Any CPU
		{8E16FB02-2811-42A1-BBB8-C3FD9D00B7E1}.Debug|x64.ActiveCfg = Debug|Any CPU
		{8E16FB02-2811-42A1-BBB8-C3FD9D00B7E1}.Debug|x64.Build.0 = Debug|Any CPU
		{8E16FB02-2811-42A1-BBB8-C3FD9D00B7E1}.Debug|x86.ActiveCfg = Debug|Any CPU
		{8E16FB02-2811-42A1-BBB8-C3FD9D00B7E1}.Debug|x86.Build.0 = Debug|Any CPU
		{8E16FB02-2811-42A1-BBB8-C3FD9D00B7E1}.Release|Any CPU.ActiveCfg = Release|Any CPU
		{8E16FB02-2811-42A1-BBB8-C3FD9D00B7E1}.Release|Any CPU.Build.0 = Release|Any CPU
		{8E16FB02-2811-42A1-BBB8-C3FD9D00B7E1}.Release|x64.ActiveCfg = Release|Any CPU
		{8E16FB02-2811-42A1-BBB8-C3FD9D00B7E1}.Release|x64.Build.0 = Release|Any CPU
		{8E16FB02-2811-42A1-BBB8-C3FD9D00B7E1}.Release|x86.ActiveCfg = Release|Any CPU
		{8E16FB02-2811-42A1-BBB8-C3FD9D00B7E1}.Release|x86.Build.0 = Release|Any CPU
	EndGlobalSection
	GlobalSection(SolutionProperties) = preSolution
		HideSolutionNode = FALSE
	EndGlobalSection
	GlobalSection(NestedProjects) = preSolution
		{A2985225-04B1-E9D8-08B0-BAA413BBDAE9} = {827E0CD3-B72D-47B6-A68D-7590B98EB39B}
		{C8E42992-5E42-0C2B-DBFE-AA848D06431C} = {827E0CD3-B72D-47B6-A68D-7590B98EB39B}
		{62F7933B-00E1-490D-923D-597C462E74D8} = {C8E42992-5E42-0C2B-DBFE-AA848D06431C}
		{590F24B5-37B5-4CA3-9272-08A5F9F83442} = {C8E42992-5E42-0C2B-DBFE-AA848D06431C}
		{E21131A9-272C-E2D3-BEB6-1A544885B88C} = {A2985225-04B1-E9D8-08B0-BAA413BBDAE9}
		{26138E68-EFB8-47EE-8079-86D23A07E7B0} = {E21131A9-272C-E2D3-BEB6-1A544885B88C}
		{B1967147-DDD1-4289-A3F1-8D05162BD18D} = {E21131A9-272C-E2D3-BEB6-1A544885B88C}
		{72162200-A210-4804-B68B-2407FFF4C725} = {E21131A9-272C-E2D3-BEB6-1A544885B88C}
		{8E16FB02-2811-42A1-BBB8-C3FD9D00B7E1} = {E21131A9-272C-E2D3-BEB6-1A544885B88C}
	EndGlobalSection
EndGlobal
