
Microsoft Visual Studio Solution File, Format Version 12.00
# Visual Studio Version 17
VisualStudioVersion = 17.0.31903.59
MinimumVisualStudioVersion = 10.0.40219.1
Project("{FAE04EC0-301F-11D3-BF4B-00C04F79EFBC}") = "FinancePlanner.Queries.Tests", "src\FinancePlanner.Queries.Tests\FinancePlanner.Queries.Tests.csproj", "{72162200-A210-4804-B68B-2407FFF4C725}"
EndProject
Project("{2150E333-8FDC-42A3-9474-1A3956D46DE8}") = "src", "src", "{827E0CD3-B72D-47B6-A68D-7590B98EB39B}"
EndProject
Project("{2150E333-8FDC-42A3-9474-1A3956D46DE8}") = "Queries", "Queries", "{A2985225-04B1-E9D8-08B0-BAA413BBDAE9}"
EndProject
Project("{FAE04EC0-301F-11D3-BF4B-00C04F79EFBC}") = "FinancePlanner.Queries.Wage", "src\Queries\FinancePlanner.Queries.Wage\FinancePlanner.Queries.Wage.csproj", "{A6A5EBCD-5FFB-4EC9-805D-A95550B5AAD0}"
EndProject
Project("{2150E333-8FDC-42A3-9474-1A3956D46DE8}") = "Shared", "Shared", "{C8E42992-5E42-0C2B-DBFE-AA848D06431C}"
EndProject
Project("{FAE04EC0-301F-11D3-BF4B-00C04F79EFBC}") = "FinancePlanner.Common", "src\Shared\FinancePlanner.Common\FinancePlanner.Common.csproj", "{62F7933B-00E1-490D-923D-597C462E74D8}"
EndProject
Project("{FAE04EC0-301F-11D3-BF4B-00C04F79EFBC}") = "FinancePlanner.Main", "src\Shared\FinancePlanner.Main\FinancePlanner.Main.csproj", "{590F24B5-37B5-4CA3-9272-08A5F9F83442}"
EndProject
Global
	GlobalSection(SolutionConfigurationPlatforms) = preSolution
		Debug|Any CPU = Debug|Any CPU
		Debug|x64 = Debug|x64
		Debug|x86 = Debug|x86
		Release|Any CPU = Release|Any CPU
		Release|x64 = Release|x64
		Release|x86 = Release|x86
	EndGlobalSection
	GlobalSection(ProjectConfigurationPlatforms) = postSolution
		{72162200-A210-4804-B68B-2407FFF4C725}.Debug|Any CPU.ActiveCfg = Debug|Any CPU
		{72162200-A210-4804-B68B-2407FFF4C725}.Debug|Any CPU.Build.0 = Debug|Any CPU
		{72162200-A210-4804-B68B-2407FFF4C725}.Debug|x64.ActiveCfg = Debug|Any CPU
		{72162200-A210-4804-B68B-2407FFF4C725}.Debug|x64.Build.0 = Debug|Any CPU
		{72162200-A210-4804-B68B-2407FFF4C725}.Debug|x86.ActiveCfg = Debug|Any CPU
		{72162200-A210-4804-B68B-2407FFF4C725}.Debug|x86.Build.0 = Debug|Any CPU
		{72162200-A210-4804-B68B-2407FFF4C725}.Release|Any CPU.ActiveCfg = Release|Any CPU
		{72162200-A210-4804-B68B-2407FFF4C725}.Release|Any CPU.Build.0 = Release|Any CPU
		{72162200-A210-4804-B68B-2407FFF4C725}.Release|x64.ActiveCfg = Release|Any CPU
		{72162200-A210-4804-B68B-2407FFF4C725}.Release|x64.Build.0 = Release|Any CPU
		{72162200-A210-4804-B68B-2407FFF4C725}.Release|x86.ActiveCfg = Release|Any CPU
		{72162200-A210-4804-B68B-2407FFF4C725}.Release|x86.Build.0 = Release|Any CPU
		{A6A5EBCD-5FFB-4EC9-805D-A95550B5AAD0}.Debug|Any CPU.ActiveCfg = Debug|Any CPU
		{A6A5EBCD-5FFB-4EC9-805D-A95550B5AAD0}.Debug|Any CPU.Build.0 = Debug|Any CPU
		{A6A5EBCD-5FFB-4EC9-805D-A95550B5AAD0}.Debug|x64.ActiveCfg = Debug|Any CPU
		{A6A5EBCD-5FFB-4EC9-805D-A95550B5AAD0}.Debug|x64.Build.0 = Debug|Any CPU
		{A6A5EBCD-5FFB-4EC9-805D-A95550B5AAD0}.Debug|x86.ActiveCfg = Debug|Any CPU
		{A6A5EBCD-5FFB-4EC9-805D-A95550B5AAD0}.Debug|x86.Build.0 = Debug|Any CPU
		{A6A5EBCD-5FFB-4EC9-805D-A95550B5AAD0}.Release|Any CPU.ActiveCfg = Release|Any CPU
		{A6A5EBCD-5FFB-4EC9-805D-A95550B5AAD0}.Release|Any CPU.Build.0 = Release|Any CPU
		{A6A5EBCD-5FFB-4EC9-805D-A95550B5AAD0}.Release|x64.ActiveCfg = Release|Any CPU
		{A6A5EBCD-5FFB-4EC9-805D-A95550B5AAD0}.Release|x64.Build.0 = Release|Any CPU
		{A6A5EBCD-5FFB-4EC9-805D-A95550B5AAD0}.Release|x86.ActiveCfg = Release|Any CPU
		{A6A5EBCD-5FFB-4EC9-805D-A95550B5AAD0}.Release|x86.Build.0 = Release|Any CPU
		{62F7933B-00E1-490D-923D-597C462E74D8}.Debug|Any CPU.ActiveCfg = Debug|Any CPU
		{62F7933B-00E1-490D-923D-597C462E74D8}.Debug|Any CPU.Build.0 = Debug|Any CPU
		{62F7933B-00E1-490D-923D-597C462E74D8}.Debug|x64.ActiveCfg = Debug|Any CPU
		{62F7933B-00E1-490D-923D-597C462E74D8}.Debug|x64.Build.0 = Debug|Any CPU
		{62F7933B-00E1-490D-923D-597C462E74D8}.Debug|x86.ActiveCfg = Debug|Any CPU
		{62F7933B-00E1-490D-923D-597C462E74D8}.Debug|x86.Build.0 = Debug|Any CPU
		{62F7933B-00E1-490D-923D-597C462E74D8}.Release|Any CPU.ActiveCfg = Release|Any CPU
		{62F7933B-00E1-490D-923D-597C462E74D8}.Release|Any CPU.Build.0 = Release|Any CPU
		{62F7933B-00E1-490D-923D-597C462E74D8}.Release|x64.ActiveCfg = Release|Any CPU
		{62F7933B-00E1-490D-923D-597C462E74D8}.Release|x64.Build.0 = Release|Any CPU
		{62F7933B-00E1-490D-923D-597C462E74D8}.Release|x86.ActiveCfg = Release|Any CPU
		{62F7933B-00E1-490D-923D-597C462E74D8}.Release|x86.Build.0 = Release|Any CPU
		{590F24B5-37B5-4CA3-9272-08A5F9F83442}.Debug|Any CPU.ActiveCfg = Debug|Any CPU
		{590F24B5-37B5-4CA3-9272-08A5F9F83442}.Debug|Any CPU.Build.0 = Debug|Any CPU
		{590F24B5-37B5-4CA3-9272-08A5F9F83442}.Debug|x64.ActiveCfg = Debug|Any CPU
		{590F24B5-37B5-4CA3-9272-08A5F9F83442}.Debug|x64.Build.0 = Debug|Any CPU
		{590F24B5-37B5-4CA3-9272-08A5F9F83442}.Debug|x86.ActiveCfg = Debug|Any CPU
		{590F24B5-37B5-4CA3-9272-08A5F9F83442}.Debug|x86.Build.0 = Debug|Any CPU
		{590F24B5-37B5-4CA3-9272-08A5F9F83442}.Release|Any CPU.ActiveCfg = Release|Any CPU
		{590F24B5-37B5-4CA3-9272-08A5F9F83442}.Release|Any CPU.Build.0 = Release|Any CPU
		{590F24B5-37B5-4CA3-9272-08A5F9F83442}.Release|x64.ActiveCfg = Release|Any CPU
		{590F24B5-37B5-4CA3-9272-08A5F9F83442}.Release|x64.Build.0 = Release|Any CPU
		{590F24B5-37B5-4CA3-9272-08A5F9F83442}.Release|x86.ActiveCfg = Release|Any CPU
		{590F24B5-37B5-4CA3-9272-08A5F9F83442}.Release|x86.Build.0 = Release|Any CPU
	EndGlobalSection
	GlobalSection(SolutionProperties) = preSolution
		HideSolutionNode = FALSE
	EndGlobalSection
	GlobalSection(NestedProjects) = preSolution
		{A2985225-04B1-E9D8-08B0-BAA413BBDAE9} = {827E0CD3-B72D-47B6-A68D-7590B98EB39B}
		{A6A5EBCD-5FFB-4EC9-805D-A95550B5AAD0} = {A2985225-04B1-E9D8-08B0-BAA413BBDAE9}
		{C8E42992-5E42-0C2B-DBFE-AA848D06431C} = {827E0CD3-B72D-47B6-A68D-7590B98EB39B}
		{62F7933B-00E1-490D-923D-597C462E74D8} = {C8E42992-5E42-0C2B-DBFE-AA848D06431C}
		{590F24B5-37B5-4CA3-9272-08A5F9F83442} = {C8E42992-5E42-0C2B-DBFE-AA848D06431C}
		{72162200-A210-4804-B68B-2407FFF4C725} = {A2985225-04B1-E9D8-08B0-BAA413BBDAE9}
	EndGlobalSection
EndGlobal
