
Microsoft Visual Studio Solution File, Format Version 12.00
# Visual Studio Version 17
VisualStudioVersion = 17.0.31903.59
MinimumVisualStudioVersion = 10.0.40219.1
Project("{FAE04EC0-301F-11D3-BF4B-00C04F79EFBC}") = "FinancePlanner.Core", "FinancePlanner.Core\FinancePlanner.Core.csproj", "{57636AC0-494F-4A09-A9F0-B75D6E893F24}"
EndProject
Project("{FAE04EC0-301F-11D3-BF4B-00C04F79EFBC}") = "FinancePlanner.Tests", "FinancePlanner.Tests\FinancePlanner.Tests.csproj", "{72162200-A210-4804-B68B-2407FFF4C725}"
EndProject
Project("{FAE04EC0-301F-11D3-BF4B-00C04F79EFBC}") = "FinancePlanner.API", "FinancePlanner.API\FinancePlanner.API.csproj", "{329E27BB-7625-46DC-BB76-CA88A9ED1034}"
EndProject
Global
	GlobalSection(SolutionConfigurationPlatforms) = preSolution
		Debug|Any CPU = Debug|Any CPU
		Debug|x64 = Debug|x64
		Debug|x86 = Debug|x86
		Release|Any CPU = Release|Any CPU
		Release|x64 = Release|x64
		Release|x86 = Release|x86
	EndGlobalSection
	GlobalSection(ProjectConfigurationPlatforms) = postSolution
		{57636AC0-494F-4A09-A9F0-B75D6E893F24}.Debug|Any CPU.ActiveCfg = Debug|Any CPU
		{57636AC0-494F-4A09-A9F0-B75D6E893F24}.Debug|Any CPU.Build.0 = Debug|Any CPU
		{57636AC0-494F-4A09-A9F0-B75D6E893F24}.Debug|x64.ActiveCfg = Debug|Any CPU
		{57636AC0-494F-4A09-A9F0-B75D6E893F24}.Debug|x64.Build.0 = Debug|Any CPU
		{57636AC0-494F-4A09-A9F0-B75D6E893F24}.Debug|x86.ActiveCfg = Debug|Any CPU
		{57636AC0-494F-4A09-A9F0-B75D6E893F24}.Debug|x86.Build.0 = Debug|Any CPU
		{57636AC0-494F-4A09-A9F0-B75D6E893F24}.Release|Any CPU.ActiveCfg = Release|Any CPU
		{57636AC0-494F-4A09-A9F0-B75D6E893F24}.Release|Any CPU.Build.0 = Release|Any CPU
		{57636AC0-494F-4A09-A9F0-B75D6E893F24}.Release|x64.ActiveCfg = Release|Any CPU
		{57636AC0-494F-4A09-A9F0-B75D6E893F24}.Release|x64.Build.0 = Release|Any CPU
		{57636AC0-494F-4A09-A9F0-B75D6E893F24}.Release|x86.ActiveCfg = Release|Any CPU
		{57636AC0-494F-4A09-A9F0-B75D6E893F24}.Release|x86.Build.0 = Release|Any CPU
		{72162200-A210-4804-B68B-2407FFF4C725}.Debug|Any CPU.ActiveCfg = Debug|Any CPU
		{72162200-A210-4804-B68B-2407FFF4C725}.Debug|Any CPU.Build.0 = Debug|Any CPU
		{72162200-A210-4804-B68B-2407FFF4C725}.Debug|x64.ActiveCfg = Debug|Any CPU
		{72162200-A210-4804-B68B-2407FFF4C725}.Debug|x64.Build.0 = Debug|Any CPU
		{72162200-A210-4804-B68B-2407FFF4C725}.Debug|x86.ActiveCfg = Debug|Any CPU
		{72162200-A210-4804-B68B-2407FFF4C725}.Debug|x86.Build.0 = Debug|Any CPU
		{72162200-A210-4804-B68B-2407FFF4C725}.Release|Any CPU.ActiveCfg = Release|Any CPU
		{72162200-A210-4804-B68B-2407FFF4C725}.Release|Any CPU.Build.0 = Release|Any CPU
		{72162200-A210-4804-B68B-2407FFF4C725}.Release|x64.ActiveCfg = Release|Any CPU
		{72162200-A210-4804-B68B-2407FFF4C725}.Release|x64.Build.0 = Release|Any CPU
		{72162200-A210-4804-B68B-2407FFF4C725}.Release|x86.ActiveCfg = Release|Any CPU
		{72162200-A210-4804-B68B-2407FFF4C725}.Release|x86.Build.0 = Release|Any CPU
		{329E27BB-7625-46DC-BB76-CA88A9ED1034}.Debug|Any CPU.ActiveCfg = Debug|Any CPU
		{329E27BB-7625-46DC-BB76-CA88A9ED1034}.Debug|Any CPU.Build.0 = Debug|Any CPU
		{329E27BB-7625-46DC-BB76-CA88A9ED1034}.Debug|x64.ActiveCfg = Debug|Any CPU
		{329E27BB-7625-46DC-BB76-CA88A9ED1034}.Debug|x64.Build.0 = Debug|Any CPU
		{329E27BB-7625-46DC-BB76-CA88A9ED1034}.Debug|x86.ActiveCfg = Debug|Any CPU
		{329E27BB-7625-46DC-BB76-CA88A9ED1034}.Debug|x86.Build.0 = Debug|Any CPU
		{329E27BB-7625-46DC-BB76-CA88A9ED1034}.Release|Any CPU.ActiveCfg = Release|Any CPU
		{329E27BB-7625-46DC-BB76-CA88A9ED1034}.Release|Any CPU.Build.0 = Release|Any CPU
		{329E27BB-7625-46DC-BB76-CA88A9ED1034}.Release|x64.ActiveCfg = Release|Any CPU
		{329E27BB-7625-46DC-BB76-CA88A9ED1034}.Release|x64.Build.0 = Release|Any CPU
		{329E27BB-7625-46DC-BB76-CA88A9ED1034}.Release|x86.ActiveCfg = Release|Any CPU
		{329E27BB-7625-46DC-BB76-CA88A9ED1034}.Release|x86.Build.0 = Release|Any CPU
	EndGlobalSection
	GlobalSection(SolutionProperties) = preSolution
		HideSolutionNode = FALSE
	EndGlobalSection
EndGlobal
